
Microsoft Visual Studio Solution File, Format Version 12.00
# Visual Studio Version 16
VisualStudioVersion = 16.0.30011.22
MinimumVisualStudioVersion = 10.0.40219.1
Project("{FAE04EC0-301F-11D3-BF4B-00C04F79EFBC}") = "SamplePayrollService", "SamplePayrollService\SamplePayrollService.csproj", "{FBE89B85-9D46-41DB-99B2-EA6991660138}"
EndProject
Project("{9A19103F-16F7-4668-BE54-9A1E7A4F7556}") = "PayrollService", "PayrollService\PayrollService.csproj", "{DF5FC6BA-AACD-41ED-BC82-FFBA469CDA04}"
EndProject
Project("{9A19103F-16F7-4668-BE54-9A1E7A4F7556}") = "PayrollServiceTests", "PayrollServiceTests\PayrollServiceTests.csproj", "{C94D28A9-C116-4355-A685-9BD7F07A1FE4}"
EndProject
Project("{FAE04EC0-301F-11D3-BF4B-00C04F79EFBC}") = "PayrollService.Persistence", "PayrollService.Persistence\PayrollService.Persistence.csproj", "{22D6B237-9192-4F3B-8DE2-B8203721FD03}"
EndProject
Project("{FAE04EC0-301F-11D3-BF4B-00C04F79EFBC}") = "PayrollService.Shared", "PayrollService.Shared\PayrollService.Shared.csproj", "{889CDB3B-16EA-4C95-BCAB-50E602E3E008}"
EndProject
Global
	GlobalSection(SolutionConfigurationPlatforms) = preSolution
		Debug|Any CPU = Debug|Any CPU
		Release|Any CPU = Release|Any CPU
	EndGlobalSection
	GlobalSection(ProjectConfigurationPlatforms) = postSolution
		{FBE89B85-9D46-41DB-99B2-EA6991660138}.Debug|Any CPU.ActiveCfg = Debug|Any CPU
		{FBE89B85-9D46-41DB-99B2-EA6991660138}.Debug|Any CPU.Build.0 = Debug|Any CPU
		{FBE89B85-9D46-41DB-99B2-EA6991660138}.Release|Any CPU.ActiveCfg = Release|Any CPU
		{FBE89B85-9D46-41DB-99B2-EA6991660138}.Release|Any CPU.Build.0 = Release|Any CPU
		{DF5FC6BA-AACD-41ED-BC82-FFBA469CDA04}.Debug|Any CPU.ActiveCfg = Debug|Any CPU
		{DF5FC6BA-AACD-41ED-BC82-FFBA469CDA04}.Debug|Any CPU.Build.0 = Debug|Any CPU
		{DF5FC6BA-AACD-41ED-BC82-FFBA469CDA04}.Release|Any CPU.ActiveCfg = Release|Any CPU
		{DF5FC6BA-AACD-41ED-BC82-FFBA469CDA04}.Release|Any CPU.Build.0 = Release|Any CPU
		{C94D28A9-C116-4355-A685-9BD7F07A1FE4}.Debug|Any CPU.ActiveCfg = Debug|Any CPU
		{C94D28A9-C116-4355-A685-9BD7F07A1FE4}.Debug|Any CPU.Build.0 = Debug|Any CPU
		{C94D28A9-C116-4355-A685-9BD7F07A1FE4}.Release|Any CPU.ActiveCfg = Release|Any CPU
		{C94D28A9-C116-4355-A685-9BD7F07A1FE4}.Release|Any CPU.Build.0 = Release|Any CPU
		{22D6B237-9192-4F3B-8DE2-B8203721FD03}.Debug|Any CPU.ActiveCfg = Debug|Any CPU
		{22D6B237-9192-4F3B-8DE2-B8203721FD03}.Debug|Any CPU.Build.0 = Debug|Any CPU
		{22D6B237-9192-4F3B-8DE2-B8203721FD03}.Release|Any CPU.ActiveCfg = Release|Any CPU
		{22D6B237-9192-4F3B-8DE2-B8203721FD03}.Release|Any CPU.Build.0 = Release|Any CPU
		{889CDB3B-16EA-4C95-BCAB-50E602E3E008}.Debug|Any CPU.ActiveCfg = Debug|Any CPU
		{889CDB3B-16EA-4C95-BCAB-50E602E3E008}.Debug|Any CPU.Build.0 = Debug|Any CPU
		{889CDB3B-16EA-4C95-BCAB-50E602E3E008}.Release|Any CPU.ActiveCfg = Release|Any CPU
		{889CDB3B-16EA-4C95-BCAB-50E602E3E008}.Release|Any CPU.Build.0 = Release|Any CPU
	EndGlobalSection
	GlobalSection(SolutionProperties) = preSolution
		HideSolutionNode = FALSE
	EndGlobalSection
	GlobalSection(ExtensibilityGlobals) = postSolution
		SolutionGuid = {9EB5F870-18CA-4A4E-B58A-5B985883CC55}
	EndGlobalSection
EndGlobal
